name: Generate SDK Lockfile

on:
  push:
    branches:
      - agent/discord-training-identity

jobs:
  generate-lockfile:
    runs-on: ubuntu-latest
    permissions:
      contents: read
    steps:
      - name: Checkout repository
        uses: actions/checkout@v4

      - name: Setup pnpm
        uses: pnpm/action-setup@v4
        with:
          version: 9.15.4

      - name: Setup Node.js
        uses: actions/setup-node@v4
        with:
          node-version: 20
          cache: pnpm

      - name: Generate lockfile
        run: pnpm install --lockfile-only --no-frozen-lockfile

      - name: Upload lockfile
        uses: actions/upload-artifact@v4
        with:
          name: generated-pnpm-lock
          path: pnpm-lock.yaml
          if-no-files-found: error
